# This file is automatically @generated by Poetry 1.6.1 and should not be changed by hand.

[[package]]
name = "pycodestyle"
version = "2.12.1"
description = "Python style guide checker"
optional = false
python-versions = ">=3.8"
files = [
    {file = "pycodestyle-2.12.1-py2.py3-none-any.whl", hash = "sha256:46f0fb92069a7c28ab7bb558f05bfc0110dac69a0cd23c61ea0040283a9d78b3"},
    {file = "pycodestyle-2.12.1.tar.gz", hash = "sha256:6838eae08bbce4f6accd5d5572075c63626a15ee3e6f842df996bf62f6d73521"},
]

[metadata]
lock-version = "2.0"
python-versions = ">=3.8, <4"
content-hash = "9ab2a7f36cdb038511f973ca7c3c4da1666b687a52e39a3ba15b9cb04ec71a68"
